
Microsoft Visual Studio Solution File, Format Version 12.00
# Visual Studio Version 17
VisualStudioVersion = 17.7.34031.279
MinimumVisualStudioVersion = 10.0.40219.1
Project("{FAE04EC0-301F-11D3-BF4B-00C04F79EFBC}") = "EmmaEnginesProject", "EmmaEnginesProject\EmmaEnginesProject.csproj", "{42283840-B5D2-46C1-B170-B694855F695C}"
EndProject
Global
	GlobalSection(SolutionConfigurationPlatforms) = preSolution
		Debug|Any CPU = Debug|Any CPU
		Release|Any CPU = Release|Any CPU
	EndGlobalSection
	GlobalSection(ProjectConfigurationPlatforms) = postSolution
		{42283840-B5D2-46C1-B170-B694855F695C}.Debug|Any CPU.ActiveCfg = Debug|Any CPU
		{42283840-B5D2-46C1-B170-B694855F695C}.Debug|Any CPU.Build.0 = Debug|Any CPU
		{42283840-B5D2-46C1-B170-B694855F695C}.Release|Any CPU.ActiveCfg = Release|Any CPU
		{42283840-B5D2-46C1-B170-B694855F695C}.Release|Any CPU.Build.0 = Release|Any CPU
	EndGlobalSection
	GlobalSection(SolutionProperties) = preSolution
		HideSolutionNode = FALSE
	EndGlobalSection
	GlobalSection(ExtensibilityGlobals) = postSolution
		SolutionGuid = {CBC78748-75A8-43DF-A040-4A8703BFC97B}
	EndGlobalSection
EndGlobal
